github.com/rdon-key/modgadget v0.0.0-20260806173652-efda8da07341 h1:IYX3wAd/DJUcCdLGSzjAYxhJW38dsWUr5btXveNRSeM=
github.com/rdon-key/modgadget v0.0.0-20260806173652-efda8da07341/go.mod h1:k+6qJLyBFIJAjhBi+lQtZCrabSZRm4H4bQvySoKSyw4=
github.com/rdon-key/modgadget v0.0.0-20260819100232-eb86bfe597f9 h1:PHwVdXuCmhuVXA5wLEMKqmJUYkTVaA+yfncR7K4h0Hk=
github.com/rdon-key/modgadget v0.0.0-20260819100232-eb86bfe597f9/go.mod h1:k+6qJLyBFIJAjhBi+lQtZCrabSZRm4H4bQvySoKSyw4=
